// !$*UTF8*$!
{
	archiveVersion = 1;
	classes = {
	};
	objectVersion = 50;
	objects = {

/* Begin PBXBuildFile section */
		8B2EBDC1250A37EB00B9848A /* SamsungProduct.swift in Sources */ = {isa = PBXBuildFile; fileRef = 8B2EBDC0250A37EB00B9848A /* SamsungProduct.swift */; };
		8B2EBDC3250A38EB00B9848A /* CustomPrettyLabel.swift in Sources */ = {isa = PBXBuildFile; fileRef = 8B2EBDC2250A38EB00B9848A /* CustomPrettyLabel.swift */; };
		8B2FC83225061438005D0AD3 /* AppDelegate.swift in Sources */ = {isa = PBXBuildFile; fileRef = 8B2FC83125061438005D0AD3 /* AppDelegate.swift */; };
		8B2FC83425061438005D0AD3 /* SceneDelegate.swift in Sources */ = {isa = PBXBuildFile; fileRef = 8B2FC83325061438005D0AD3 /* SceneDelegate.swift */; };
		8B2FC83625061438005D0AD3 /* ViewController.swift in Sources */ = {isa = PBXBuildFile; fileRef = 8B2FC83525061438005D0AD3 /* ViewController.swift */; };
		8B2FC83925061438005D0AD3 /* Main.storyboard in Resources */ = {isa = PBXBuildFile; fileRef = 8B2FC83725061438005D0AD3 /* Main.storyboard */; };
		8B2FC83B25061439005D0AD3 /* Assets.xcassets in Resources */ = {isa = PBXBuildFile; fileRef = 8B2FC83A25061439005D0AD3 /* Assets.xcassets */; };
		8B2FC83E25061439005D0AD3 /* LaunchScreen.storyboard in Resources */ = {isa = PBXBuildFile; fileRef = 8B2FC83C25061439005D0AD3 /* LaunchScreen.storyboard */; };
		8B2FC84925061439005D0AD3 /* ios_mvc_exerciseTests.swift in Sources */ = {isa = PBXBuildFile; fileRef = 8B2FC84825061439005D0AD3 /* ios_mvc_exerciseTests.swift */; };
		8B2FC85425061439005D0AD3 /* ios_mvc_exerciseUITests.swift in Sources */ = {isa = PBXBuildFile; fileRef = 8B2FC85325061439005D0AD3 /* ios_mvc_exerciseUITests.swift */; };
		8B2FC865250614AA005D0AD3 /* AppleProduct.swift in Sources */ = {isa = PBXBuildFile; fileRef = 8B2FC864250614AA005D0AD3 /* AppleProduct.swift */; };
		8B2FC867250614B9005D0AD3 /* CustomPrettyView.swift in Sources */ = {isa = PBXBuildFile; fileRef = 8B2FC866250614B9005D0AD3 /* CustomPrettyView.swift */; };
/* End PBXBuildFile section */

/* Begin PBXContainerItemProxy section */
		8B2FC84525061439005D0AD3 /* PBXContainerItemProxy */ = {
			isa = PBXContainerItemProxy;
			containerPortal = 8B2FC82625061438005D0AD3 /* Project object */;
			proxyType = 1;
			remoteGlobalIDString = 8B2FC82D25061438005D0AD3;
			remoteInfo = "ios-mvc-exercise";
		};
		8B2FC85025061439005D0AD3 /* PBXContainerItemProxy */ = {
			isa = PBXContainerItemProxy;
			containerPortal = 8B2FC82625061438005D0AD3 /* Project object */;
			proxyType = 1;
			remoteGlobalIDString = 8B2FC82D25061438005D0AD3;
			remoteInfo = "ios-mvc-exercise";
		};
/* End PBXContainerItemProxy section */

/* Begin PBXFileReference section */
		8B2EBDC0250A37EB00B9848A /* SamsungProduct.swift */ = {isa = PBXFileReference; lastKnownFileType = sourcecode.swift; path = SamsungProduct.swift; sourceTree = "<group>"; };
		8B2EBDC2250A38EB00B9848A /* CustomPrettyLabel.swift */ = {isa = PBXFileReference; lastKnownFileType = sourcecode.swift; path = CustomPrettyLabel.swift; sourceTree = "<group>"; };
		8B2FC82E25061438005D0AD3 /* ios-mvc-exercise.app */ = {isa = PBXFileReference; explicitFileType = wrapper.application; includeInIndex = 0; path = "ios-mvc-exercise.app"; sourceTree = BUILT_PRODUCTS_DIR; };
		8B2FC83125061438005D0AD3 /* AppDelegate.swift */ = {isa = PBXFileReference; lastKnownFileType = sourcecode.swift; path = AppDelegate.swift; sourceTree = "<group>"; };
		8B2FC83325061438005D0AD3 /* SceneDelegate.swift */ = {isa = PBXFileReference; lastKnownFileType = sourcecode.swift; path = SceneDelegate.swift; sourceTree = "<group>"; };
		8B2FC83525061438005D0AD3 /* ViewController.swift */ = {isa = PBXFileReference; lastKnownFileType = sourcecode.swift; path = ViewController.swift; sourceTree = "<group>"; };
		8B2FC83825061438005D0AD3 /* Base */ = {isa = PBXFileReference; lastKnownFileType = file.storyboard; name = Base; path = Base.lproj/Main.storyboard; sourceTree = "<group>"; };
		8B2FC83A25061439005D0AD3 /* Assets.xcassets */ = {isa = PBXFileReference; lastKnownFileType = folder.assetcatalog; path = Assets.xcassets; sourceTree = "<group>"; };
		8B2FC83D25061439005D0AD3 /* Base */ = {isa = PBXFileReference; lastKnownFileType = file.storyboard; name = Base; path = Base.lproj/LaunchScreen.storyboard; sourceTree = "<group>"; };
		8B2FC83F25061439005D0AD3 /* Info.plist */ = {isa = PBXFileReference; lastKnownFileType = text.plist.xml; path = Info.plist; sourceTree = "<group>"; };
		8B2FC84425061439005D0AD3 /* ios-mvc-exerciseTests.xctest */ = {isa = PBXFileReference; explicitFileType = wrapper.cfbundle; includeInIndex = 0; path = "ios-mvc-exerciseTests.xctest"; sourceTree = BUILT_PRODUCTS_DIR; };
		8B2FC84825061439005D0AD3 /* ios_mvc_exerciseTests.swift */ = {isa = PBXFileReference; lastKnownFileType = sourcecode.swift; path = ios_mvc_exerciseTests.swift; sourceTree = "<group>"; };
		8B2FC84A25061439005D0AD3 /* Info.plist */ = {isa = PBXFileReference; lastKnownFileType = text.plist.xml; path = Info.plist; sourceTree = "<group>"; };
		8B2FC84F25061439005D0AD3 /* ios-mvc-exerciseUITests.xctest */ = {isa = PBXFileReference; explicitFileType = wrapper.cfbundle; includeInIndex = 0; path = "ios-mvc-exerciseUITests.xctest"; sourceTree = BUILT_PRODUCTS_DIR; };
		8B2FC85325061439005D0AD3 /* ios_mvc_exerciseUITests.swift */ = {isa = PBXFileReference; lastKnownFileType = sourcecode.swift; path = ios_mvc_exerciseUITests.swift; sourceTree = "<group>"; };
		8B2FC85525061439005D0AD3 /* Info.plist */ = {isa = PBXFileReference; lastKnownFileType = text.plist.xml; path = Info.plist; sourceTree = "<group>"; };
		8B2FC864250614AA005D0AD3 /* AppleProduct.swift */ = {isa = PBXFileReference; fileEncoding = 4; lastKnownFileType = sourcecode.swift; name = AppleProduct.swift; path = "../../../mvc-tutorial/mvc-tutorial/Model/AppleProduct.swift"; sourceTree = "<group>"; };
		8B2FC866250614B9005D0AD3 /* CustomPrettyView.swift */ = {isa = PBXFileReference; fileEncoding = 4; lastKnownFileType = sourcecode.swift; name = CustomPrettyView.swift; path = "../../../mvc-tutorial/mvc-tutorial/View/CustomPrettyView.swift"; sourceTree = "<group>"; };
/* End PBXFileReference section */

/* Begin PBXFrameworksBuildPhase section */
		8B2FC82B25061438005D0AD3 /* Frameworks */ = {
			isa = PBXFrameworksBuildPhase;
			buildActionMask = 2147483647;
			files = (
			);
			runOnlyForDeploymentPostprocessing = 0;
		};
		8B2FC84125061439005D0AD3 /* Frameworks */ = {
			isa = PBXFrameworksBuildPhase;
			buildActionMask = 2147483647;
			files = (
			);
			runOnlyForDeploymentPostprocessing = 0;
		};
		8B2FC84C25061439005D0AD3 /* Frameworks */ = {
			isa = PBXFrameworksBuildPhase;
			buildActionMask = 2147483647;
			files = (
			);
			runOnlyForDeploymentPostprocessing = 0;
		};
/* End PBXFrameworksBuildPhase section */

/* Begin PBXGroup section */
		8B2FC82525061438005D0AD3 = {
			isa = PBXGroup;
			children = (
				8B2FC83025061438005D0AD3 /* ios-mvc-exercise */,
				8B2FC84725061439005D0AD3 /* ios-mvc-exerciseTests */,
				8B2FC85225061439005D0AD3 /* ios-mvc-exerciseUITests */,
				8B2FC82F25061438005D0AD3 /* Products */,
			);
			sourceTree = "<group>";
		};
		8B2FC82F25061438005D0AD3 /* Products */ = {
			isa = PBXGroup;
			children = (
				8B2FC82E25061438005D0AD3 /* ios-mvc-exercise.app */,
				8B2FC84425061439005D0AD3 /* ios-mvc-exerciseTests.xctest */,
				8B2FC84F25061439005D0AD3 /* ios-mvc-exerciseUITests.xctest */,
			);
			name = Products;
			sourceTree = "<group>";
		};
		8B2FC83025061438005D0AD3 /* ios-mvc-exercise */ = {
			isa = PBXGroup;
			children = (
				8B2FC86325061473005D0AD3 /* Controller */,
				8B2FC86225061467005D0AD3 /* View */,
				8B2FC83125061438005D0AD3 /* AppDelegate.swift */,
				8B2FC83325061438005D0AD3 /* SceneDelegate.swift */,
				8B2FC8612506144C005D0AD3 /* Model */,
				8B2FC83725061438005D0AD3 /* Main.storyboard */,
				8B2FC83A25061439005D0AD3 /* Assets.xcassets */,
				8B2FC83C25061439005D0AD3 /* LaunchScreen.storyboard */,
				8B2FC83F25061439005D0AD3 /* Info.plist */,
			);
			path = "ios-mvc-exercise";
			sourceTree = "<group>";
		};
		8B2FC84725061439005D0AD3 /* ios-mvc-exerciseTests */ = {
			isa = PBXGroup;
			children = (
				8B2FC84825061439005D0AD3 /* ios_mvc_exerciseTests.swift */,
				8B2FC84A25061439005D0AD3 /* Info.plist */,
			);
			path = "ios-mvc-exerciseTests";
			sourceTree = "<group>";
		};
		8B2FC85225061439005D0AD3 /* ios-mvc-exerciseUITests */ = {
			isa = PBXGroup;
			children = (
				8B2FC85325061439005D0AD3 /* ios_mvc_exerciseUITests.swift */,
				8B2FC85525061439005D0AD3 /* Info.plist */,
			);
			path = "ios-mvc-exerciseUITests";
			sourceTree = "<group>";
		};
		8B2FC8612506144C005D0AD3 /* Model */ = {
			isa = PBXGroup;
			children = (
				8B2FC864250614AA005D0AD3 /* AppleProduct.swift */,
				8B2EBDC0250A37EB00B9848A /* SamsungProduct.swift */,
			);
			path = Model;
			sourceTree = "<group>";
		};
		8B2FC86225061467005D0AD3 /* View */ = {
			isa = PBXGroup;
			children = (
				8B2FC866250614B9005D0AD3 /* CustomPrettyView.swift */,
				8B2EBDC2250A38EB00B9848A /* CustomPrettyLabel.swift */,
			);
			path = View;
			sourceTree = "<group>";
		};
		8B2FC86325061473005D0AD3 /* Controller */ = {
			isa = PBXGroup;
			children = (
				8B2FC83525061438005D0AD3 /* ViewController.swift */,
			);
			path = Controller;
			sourceTree = "<group>";
		};
/* End PBXGroup section */

/* Begin PBXNativeTarget section */
		8B2FC82D25061438005D0AD3 /* ios-mvc-exercise */ = {
			isa = PBXNativeTarget;
			buildConfigurationList = 8B2FC85825061439005D0AD3 /* Build configuration list for PBXNativeTarget "ios-mvc-exercise" */;
			buildPhases = (
				8B2FC82A25061438005D0AD3 /* Sources */,
				8B2FC82B25061438005D0AD3 /* Frameworks */,
				8B2FC82C25061438005D0AD3 /* Resources */,
			);
			buildRules = (
			);
			dependencies = (
			);
			name = "ios-mvc-exercise";
			productName = "ios-mvc-exercise";
			productReference = 8B2FC82E25061438005D0AD3 /* ios-mvc-exercise.app */;
			productType = "com.apple.product-type.application";
		};
		8B2FC84325061439005D0AD3 /* ios-mvc-exerciseTests */ = {
			isa = PBXNativeTarget;
			buildConfigurationList = 8B2FC85B25061439005D0AD3 /* Build configuration list for PBXNativeTarget "ios-mvc-exerciseTests" */;
			buildPhases = (
				8B2FC84025061439005D0AD3 /* Sources */,
				8B2FC84125061439005D0AD3 /* Frameworks */,
				8B2FC84225061439005D0AD3 /* Resources */,
			);
			buildRules = (
			);
			dependencies = (
				8B2FC84625061439005D0AD3 /* PBXTargetDependency */,
			);
			name = "ios-mvc-exerciseTests";
			productName = "ios-mvc-exerciseTests";
			productReference = 8B2FC84425061439005D0AD3 /* ios-mvc-exerciseTests.xctest */;
			productType = "com.apple.product-type.bundle.unit-test";
		};
		8B2FC84E25061439005D0AD3 /* ios-mvc-exerciseUITests */ = {
			isa = PBXNativeTarget;
			buildConfigurationList = 8B2FC85E25061439005D0AD3 /* Build configuration list for PBXNativeTarget "ios-mvc-exerciseUITests" */;
			buildPhases = (
				8B2FC84B25061439005D0AD3 /* Sources */,
				8B2FC84C25061439005D0AD3 /* Frameworks */,
				8B2FC84D25061439005D0AD3 /* Resources */,
			);
			buildRules = (
			);
			dependencies = (
				8B2FC85125061439005D0AD3 /* PBXTargetDependency */,
			);
			name = "ios-mvc-exerciseUITests";
			productName = "ios-mvc-exerciseUITests";
			productReference = 8B2FC84F25061439005D0AD3 /* ios-mvc-exerciseUITests.xctest */;
			productType = "com.apple.product-type.bundle.ui-testing";
		};
/* End PBXNativeTarget section */

/* Begin PBXProject section */
		8B2FC82625061438005D0AD3 /* Project object */ = {
			isa = PBXProject;
			attributes = {
				LastSwiftUpdateCheck = 1160;
				LastUpgradeCheck = 1160;
				ORGANIZATIONNAME = "Sasirekha Kambhampaty";
				TargetAttributes = {
					8B2FC82D25061438005D0AD3 = {
						CreatedOnToolsVersion = 11.6;
					};
					8B2FC84325061439005D0AD3 = {
						CreatedOnToolsVersion = 11.6;
						TestTargetID = 8B2FC82D25061438005D0AD3;
					};
					8B2FC84E25061439005D0AD3 = {
						CreatedOnToolsVersion = 11.6;
						TestTargetID = 8B2FC82D25061438005D0AD3;
					};
				};
			};
			buildConfigurationList = 8B2FC82925061438005D0AD3 /* Build configuration list for PBXProject "ios-mvc-exercise" */;
			compatibilityVersion = "Xcode 9.3";
			developmentRegion = en;
			hasScannedForEncodings = 0;
			knownRegions = (
				en,
				Base,
			);
			mainGroup = 8B2FC82525061438005D0AD3;
			productRefGroup = 8B2FC82F25061438005D0AD3 /* Products */;
			projectDirPath = "";
			projectRoot = "";
			targets = (
				8B2FC82D25061438005D0AD3 /* ios-mvc-exercise */,
				8B2FC84325061439005D0AD3 /* ios-mvc-exerciseTests */,
				8B2FC84E25061439005D0AD3 /* ios-mvc-exerciseUITests */,
			);
		};
/* End PBXProject section */

/* Begin PBXResourcesBuildPhase section */
		8B2FC82C25061438005D0AD3 /* Resources */ = {
			isa = PBXResourcesBuildPhase;
			buildActionMask = 2147483647;
			files = (
				8B2FC83E25061439005D0AD3 /* LaunchScreen.storyboard in Resources */,
				8B2FC83B25061439005D0AD3 /* Assets.xcassets in Resources */,
				8B2FC83925061438005D0AD3 /* Main.storyboard in Resources */,
			);
			runOnlyForDeploymentPostprocessing = 0;
		};
		8B2FC84225061439005D0AD3 /* Resources */ = {
			isa = PBXResourcesBuildPhase;
			buildActionMask = 2147483647;
			files = (
			);
			runOnlyForDeploymentPostprocessing = 0;
		};
		8B2FC84D25061439005D0AD3 /* Resources */ = {
			isa = PBXResourcesBuildPhase;
			buildActionMask = 2147483647;
			files = (
			);
			runOnlyForDeploymentPostprocessing = 0;
		};
/* End PBXResourcesBuildPhase section */

/* Begin PBXSourcesBuildPhase section */
		8B2FC82A25061438005D0AD3 /* Sources */ = {
			isa = PBXSourcesBuildPhase;
			buildActionMask = 2147483647;
			files = (
				8B2FC865250614AA005D0AD3 /* AppleProduct.swift in Sources */,
				8B2FC83625061438005D0AD3 /* ViewController.swift in Sources */,
				8B2EBDC3250A38EB00B9848A /* CustomPrettyLabel.swift in Sources */,
				8B2FC867250614B9005D0AD3 /* CustomPrettyView.swift in Sources */,
				8B2FC83225061438005D0AD3 /* AppDelegate.swift in Sources */,
				8B2EBDC1250A37EB00B9848A /* SamsungProduct.swift in Sources */,
				8B2FC83425061438005D0AD3 /* SceneDelegate.swift in Sources */,
			);
			runOnlyForDeploymentPostprocessing = 0;
		};
		8B2FC84025061439005D0AD3 /* Sources */ = {
			isa = PBXSourcesBuildPhase;
			buildActionMask = 2147483647;
			files = (
				8B2FC84925061439005D0AD3 /* ios_mvc_exerciseTests.swift in Sources */,
			);
			runOnlyForDeploymentPostprocessing = 0;
		};
		8B2FC84B25061439005D0AD3 /* Sources */ = {
			isa = PBXSourcesBuildPhase;
			buildActionMask = 2147483647;
			files = (
				8B2FC85425061439005D0AD3 /* ios_mvc_exerciseUITests.swift in Sources */,
			);
			runOnlyForDeploymentPostprocessing = 0;
		};
/* End PBXSourcesBuildPhase section */

/* Begin PBXTargetDependency section */
		8B2FC84625061439005D0AD3 /* PBXTargetDependency */ = {
			isa = PBXTargetDependency;
			target = 8B2FC82D25061438005D0AD3 /* ios-mvc-exercise */;
			targetProxy = 8B2FC84525061439005D0AD3 /* PBXContainerItemProxy */;
		};
		8B2FC85125061439005D0AD3 /* PBXTargetDependency */ = {
			isa = PBXTargetDependency;
			target = 8B2FC82D25061438005D0AD3 /* ios-mvc-exercise */;
			targetProxy = 8B2FC85025061439005D0AD3 /* PBXContainerItemProxy */;
		};
/* End PBXTargetDependency section */

/* Begin PBXVariantGroup section */
		8B2FC83725061438005D0AD3 /* Main.storyboard */ = {
			isa = PBXVariantGroup;
			children = (
				8B2FC83825061438005D0AD3 /* Base */,
			);
			name = Main.storyboard;
			sourceTree = "<group>";
		};
		8B2FC83C25061439005D0AD3 /* LaunchScreen.storyboard */ = {
			isa = PBXVariantGroup;
			children = (
				8B2FC83D25061439005D0AD3 /* Base */,
			);
			name = LaunchScreen.storyboard;
			sourceTree = "<group>";
		};
/* End PBXVariantGroup section */

/* Begin XCBuildConfiguration section */
		8B2FC85625061439005D0AD3 /* Debug */ = {
			isa = XCBuildConfiguration;
			buildSettings = {
				ALWAYS_SEARCH_USER_PATHS = NO;
				CLANG_ANALYZER_NONNULL = YES;
				CLANG_ANALYZER_NUMBER_OBJECT_CONVERSION = YES_AGGRESSIVE;
				CLANG_CXX_LANGUAGE_STANDARD = "gnu++14";
				CLANG_CXX_LIBRARY = "libc++";
				CLANG_ENABLE_MODULES = YES;
				CLANG_ENABLE_OBJC_ARC = YES;
				CLANG_ENABLE_OBJC_WEAK = YES;
				CLANG_WARN_BLOCK_CAPTURE_AUTORELEASING = YES;
				CLANG_WARN_BOOL_CONVERSION = YES;
				CLANG_WARN_COMMA = YES;
				CLANG_WARN_CONSTANT_CONVERSION = YES;
				CLANG_WARN_DEPRECATED_OBJC_IMPLEMENTATIONS = YES;
				CLANG_WARN_DIRECT_OBJC_ISA_USAGE = YES_ERROR;
				CLANG_WARN_DOCUMENTATION_COMMENTS = YES;
				CLANG_WARN_EMPTY_BODY = YES;
				CLANG_WARN_ENUM_CONVERSION = YES;
				CLANG_WARN_INFINITE_RECURSION = YES;
				CLANG_WARN_INT_CONVERSION = YES;
				CLANG_WARN_NON_LITERAL_NULL_CONVERSION = YES;
				CLANG_WARN_OBJC_IMPLICIT_RETAIN_SELF = YES;
				CLANG_WARN_OBJC_LITERAL_CONVERSION = YES;
				CLANG_WARN_OBJC_ROOT_CLASS = YES_ERROR;
				CLANG_WARN_RANGE_LOOP_ANALYSIS = YES;
				CLANG_WARN_STRICT_PROTOTYPES = YES;
				CLANG_WARN_SUSPICIOUS_MOVE = YES;
				CLANG_WARN_UNGUARDED_AVAILABILITY = YES_AGGRESSIVE;
				CLANG_WARN_UNREACHABLE_CODE = YES;
				CLANG_WARN__DUPLICATE_METHOD_MATCH = YES;
				COPY_PHASE_STRIP = NO;
				DEBUG_INFORMATION_FORMAT = dwarf;
				ENABLE_STRICT_OBJC_MSGSEND = YES;
				ENABLE_TESTABILITY = YES;
				GCC_C_LANGUAGE_STANDARD = gnu11;
				GCC_DYNAMIC_NO_PIC = NO;
				GCC_NO_COMMON_BLOCKS = YES;
				GCC_OPTIMIZATION_LEVEL = 0;
				GCC_PREPROCESSOR_DEFINITIONS = (
					"DEBUG=1",
					"$(inherited)",
				);
				GCC_WARN_64_TO_32_BIT_CONVERSION = YES;
				GCC_WARN_ABOUT_RETURN_TYPE = YES_ERROR;
				GCC_WARN_UNDECLARED_SELECTOR = YES;
				GCC_WARN_UNINITIALIZED_AUTOS = YES_AGGRESSIVE;
				GCC_WARN_UNUSED_FUNCTION = YES;
				GCC_WARN_UNUSED_VARIABLE = YES;
				IPHONEOS_DEPLOYMENT_TARGET = 13.6;
				MTL_ENABLE_DEBUG_INFO = INCLUDE_SOURCE;
				MTL_FAST_MATH = YES;
				ONLY_ACTIVE_ARCH = YES;
				SDKROOT = iphoneos;
				SWIFT_ACTIVE_COMPILATION_CONDITIONS = DEBUG;
				SWIFT_OPTIMIZATION_LEVEL = "-Onone";
			};
			name = Debug;
		};
		8B2FC85725061439005D0AD3 /* Release */ = {
			isa = XCBuildConfiguration;
			buildSettings = {
				ALWAYS_SEARCH_USER_PATHS = NO;
				CLANG_ANALYZER_NONNULL = YES;
				CLANG_ANALYZER_NUMBER_OBJECT_CONVERSION = YES_AGGRESSIVE;
				CLANG_CXX_LANGUAGE_STANDARD = "gnu++14";
				CLANG_CXX_LIBRARY = "libc++";
				CLANG_ENABLE_MODULES = YES;
				CLANG_ENABLE_OBJC_ARC = YES;
				CLANG_ENABLE_OBJC_WEAK = YES;
				CLANG_WARN_BLOCK_CAPTURE_AUTORELEASING = YES;
				CLANG_WARN_BOOL_CONVERSION = YES;
				CLANG_WARN_COMMA = YES;
				CLANG_WARN_CONSTANT_CONVERSION = YES;
				CLANG_WARN_DEPRECATED_OBJC_IMPLEMENTATIONS = YES;
				CLANG_WARN_DIRECT_OBJC_ISA_USAGE = YES_ERROR;
				CLANG_WARN_DOCUMENTATION_COMMENTS = YES;
				CLANG_WARN_EMPTY_BODY = YES;
				CLANG_WARN_ENUM_CONVERSION = YES;
				CLANG_WARN_INFINITE_RECURSION = YES;
				CLANG_WARN_INT_CONVERSION = YES;
				CLANG_WARN_NON_LITERAL_NULL_CONVERSION = YES;
				CLANG_WARN_OBJC_IMPLICIT_RETAIN_SELF = YES;
				CLANG_WARN_OBJC_LITERAL_CONVERSION = YES;
				CLANG_WARN_OBJC_ROOT_CLASS = YES_ERROR;
				CLANG_WARN_RANGE_LOOP_ANALYSIS = YES;
				CLANG_WARN_STRICT_PROTOTYPES = YES;
				CLANG_WARN_SUSPICIOUS_MOVE = YES;
				CLANG_WARN_UNGUARDED_AVAILABILITY = YES_AGGRESSIVE;
				CLANG_WARN_UNREACHABLE_CODE = YES;
				CLANG_WARN__DUPLICATE_METHOD_MATCH = YES;
				COPY_PHASE_STRIP = NO;
				DEBUG_INFORMATION_FORMAT = "dwarf-with-dsym";
				ENABLE_NS_ASSERTIONS = NO;
				ENABLE_STRICT_OBJC_MSGSEND = YES;
				GCC_C_LANGUAGE_STANDARD = gnu11;
				GCC_NO_COMMON_BLOCKS = YES;
				GCC_WARN_64_TO_32_BIT_CONVERSION = YES;
				GCC_WARN_ABOUT_RETURN_TYPE = YES_ERROR;
				GCC_WARN_UNDECLARED_SELECTOR = YES;
				GCC_WARN_UNINITIALIZED_AUTOS = YES_AGGRESSIVE;
				GCC_WARN_UNUSED_FUNCTION = YES;
				GCC_WARN_UNUSED_VARIABLE = YES;
				IPHONEOS_DEPLOYMENT_TARGET = 13.6;
				MTL_ENABLE_DEBUG_INFO = NO;
				MTL_FAST_MATH = YES;
				SDKROOT = iphoneos;
				SWIFT_COMPILATION_MODE = wholemodule;
				SWIFT_OPTIMIZATION_LEVEL = "-O";
				VALIDATE_PRODUCT = YES;
			};
			name = Release;
		};
		8B2FC85925061439005D0AD3 /* Debug */ = {
			isa = XCBuildConfiguration;
			buildSettings = {
				ASSETCATALOG_COMPILER_APPICON_NAME = AppIcon;
				CODE_SIGN_STYLE = Automatic;
				INFOPLIST_FILE = "ios-mvc-exercise/Info.plist";
				LD_RUNPATH_SEARCH_PATHS = (
					"$(inherited)",
					"@executable_path/Frameworks",
				);
				PRODUCT_BUNDLE_IDENTIFIER = "Sylph.ios-mvc-exercise";
				PRODUCT_NAME = "$(TARGET_NAME)";
				SWIFT_VERSION = 5.0;
				TARGETED_DEVICE_FAMILY = "1,2";
			};
			name = Debug;
		};
		8B2FC85A25061439005D0AD3 /* Release */ = {
			isa = XCBuildConfiguration;
			buildSettings = {
				ASSETCATALOG_COMPILER_APPICON_NAME = AppIcon;
				CODE_SIGN_STYLE = Automatic;
				INFOPLIST_FILE = "ios-mvc-exercise/Info.plist";
				LD_RUNPATH_SEARCH_PATHS = (
					"$(inherited)",
					"@executable_path/Frameworks",
				);
				PRODUCT_BUNDLE_IDENTIFIER = "Sylph.ios-mvc-exercise";
				PRODUCT_NAME = "$(TARGET_NAME)";
				SWIFT_VERSION = 5.0;
				TARGETED_DEVICE_FAMILY = "1,2";
			};
			name = Release;
		};
		8B2FC85C25061439005D0AD3 /* Debug */ = {
			isa = XCBuildConfiguration;
			buildSettings = {
				ALWAYS_EMBED_SWIFT_STANDARD_LIBRARIES = YES;
				BUNDLE_LOADER = "$(TEST_HOST)";
				CODE_SIGN_STYLE = Automatic;
				INFOPLIST_FILE = "ios-mvc-exerciseTests/Info.plist";
				IPHONEOS_DEPLOYMENT_TARGET = 13.6;
				LD_RUNPATH_SEARCH_PATHS = (
					"$(inherited)",
					"@executable_path/Frameworks",
					"@loader_path/Frameworks",
				);
				PRODUCT_BUNDLE_IDENTIFIER = "Sylph.ios-mvc-exerciseTests";
				PRODUCT_NAME = "$(TARGET_NAME)";
				SWIFT_VERSION = 5.0;
				TARGETED_DEVICE_FAMILY = "1,2";
				TEST_HOST = "$(BUILT_PRODUCTS_DIR)/ios-mvc-exercise.app/ios-mvc-exercise";
			};
			name = Debug;
		};
		8B2FC85D25061439005D0AD3 /* Release */ = {
			isa = XCBuildConfiguration;
			buildSettings = {
				ALWAYS_EMBED_SWIFT_STANDARD_LIBRARIES = YES;
				BUNDLE_LOADER = "$(TEST_HOST)";
				CODE_SIGN_STYLE = Automatic;
				INFOPLIST_FILE = "ios-mvc-exerciseTests/Info.plist";
				IPHONEOS_DEPLOYMENT_TARGET = 13.6;
				LD_RUNPATH_SEARCH_PATHS = (
					"$(inherited)",
					"@executable_path/Frameworks",
					"@loader_path/Frameworks",
				);
				PRODUCT_BUNDLE_IDENTIFIER = "Sylph.ios-mvc-exerciseTests";
				PRODUCT_NAME = "$(TARGET_NAME)";
				SWIFT_VERSION = 5.0;
				TARGETED_DEVICE_FAMILY = "1,2";
				TEST_HOST = "$(BUILT_PRODUCTS_DIR)/ios-mvc-exercise.app/ios-mvc-exercise";
			};
			name = Release;
		};
		8B2FC85F25061439005D0AD3 /* Debug */ = {
			isa = XCBuildConfiguration;
			buildSettings = {
				ALWAYS_EMBED_SWIFT_STANDARD_LIBRARIES = YES;
				CODE_SIGN_STYLE = Automatic;
				INFOPLIST_FILE = "ios-mvc-exerciseUITests/Info.plist";
				LD_RUNPATH_SEARCH_PATHS = (
					"$(inherited)",
					"@executable_path/Frameworks",
					"@loader_path/Frameworks",
				);
				PRODUCT_BUNDLE_IDENTIFIER = "Sylph.ios-mvc-exerciseUITests";
				PRODUCT_NAME = "$(TARGET_NAME)";
				SWIFT_VERSION = 5.0;
				TARGETED_DEVICE_FAMILY = "1,2";
				TEST_TARGET_NAME = "ios-mvc-exercise";
			};
			name = Debug;
		};
		8B2FC86025061439005D0AD3 /* Release */ = {
			isa = XCBuildConfiguration;
			buildSettings = {
				ALWAYS_EMBED_SWIFT_STANDARD_LIBRARIES = YES;
				CODE_SIGN_STYLE = Automatic;
				INFOPLIST_FILE = "ios-mvc-exerciseUITests/Info.plist";
				LD_RUNPATH_SEARCH_PATHS = (
					"$(inherited)",
					"@executable_path/Frameworks",
					"@loader_path/Frameworks",
				);
				PRODUCT_BUNDLE_IDENTIFIER = "Sylph.ios-mvc-exerciseUITests";
				PRODUCT_NAME = "$(TARGET_NAME)";
				SWIFT_VERSION = 5.0;
				TARGETED_DEVICE_FAMILY = "1,2";
				TEST_TARGET_NAME = "ios-mvc-exercise";
			};
			name = Release;
		};
/* End XCBuildConfiguration section */

/* Begin XCConfigurationList section */
		8B2FC82925061438005D0AD3 /* Build configuration list for PBXProject "ios-mvc-exercise" */ = {
			isa = XCConfigurationList;
			buildConfigurations = (
				8B2FC85625061439005D0AD3 /* Debug */,
				8B2FC85725061439005D0AD3 /* Release */,
			);
			defaultConfigurationIsVisible = 0;
			defaultConfigurationName = Release;
		};
		8B2FC85825061439005D0AD3 /* Build configuration list for PBXNativeTarget "ios-mvc-exercise" */ = {
			isa = XCConfigurationList;
			buildConfigurations = (
				8B2FC85925061439005D0AD3 /* Debug */,
				8B2FC85A25061439005D0AD3 /* Release */,
			);
			defaultConfigurationIsVisible = 0;
			defaultConfigurationName = Release;
		};
		8B2FC85B25061439005D0AD3 /* Build configuration list for PBXNativeTarget "ios-mvc-exerciseTests" */ = {
			isa = XCConfigurationList;
			buildConfigurations = (
				8B2FC85C25061439005D0AD3 /* Debug */,
				8B2FC85D25061439005D0AD3 /* Release */,
			);
			defaultConfigurationIsVisible = 0;
			defaultConfigurationName = Release;
		};
		8B2FC85E25061439005D0AD3 /* Build configuration list for PBXNativeTarget "ios-mvc-exerciseUITests" */ = {
			isa = XCConfigurationList;
			buildConfigurations = (
				8B2FC85F25061439005D0AD3 /* Debug */,
				8B2FC86025061439005D0AD3 /* Release */,
			);
			defaultConfigurationIsVisible = 0;
			defaultConfigurationName = Release;
		};
/* End XCConfigurationList section */
	};
	rootObject = 8B2FC82625061438005D0AD3 /* Project object */;
}
